
Microsoft Visual Studio Solution File, Format Version 12.00
# Visual Studio Version 17
VisualStudioVersion = 17.8.34511.84
MinimumVisualStudioVersion = 10.0.40219.1
Project("{9A19103F-16F7-4668-BE54-9A1E7A4F7556}") = "EjercicioExcepciones", "..\..\..\EjercicioExcepciones\EjercicioExcepciones\EjercicioExcepciones\EjercicioExcepciones.csproj", "{95BAB195-3D5C-4259-A640-AA5B95D7669C}"
EndProject
Global
	GlobalSection(SolutionConfigurationPlatforms) = preSolution
		Debug|Any CPU = Debug|Any CPU
		Release|Any CPU = Release|Any CPU
	EndGlobalSection
	GlobalSection(ProjectConfigurationPlatforms) = postSolution
		{95BAB195-3D5C-4259-A640-AA5B95D7669C}.Debug|Any CPU.ActiveCfg = Debug|Any CPU
		{95BAB195-3D5C-4259-A640-AA5B95D7669C}.Debug|Any CPU.Build.0 = Debug|Any CPU
		{95BAB195-3D5C-4259-A640-AA5B95D7669C}.Release|Any CPU.ActiveCfg = Release|Any CPU
		{95BAB195-3D5C-4259-A640-AA5B95D7669C}.Release|Any CPU.Build.0 = Release|Any CPU
	EndGlobalSection
	GlobalSection(SolutionProperties) = preSolution
		HideSolutionNode = FALSE
	EndGlobalSection
	GlobalSection(ExtensibilityGlobals) = postSolution
		SolutionGuid = {B64729AF-AC08-4872-9C1E-EEE90CD9E585}
	EndGlobalSection
EndGlobal
